
Microsoft Visual Studio Solution File, Format Version 12.00
# Visual Studio Version 17
VisualStudioVersion = 17.9.34723.18
MinimumVisualStudioVersion = 10.0.40219.1
Project("{FAE04EC0-301F-11D3-BF4B-00C04F79EFBC}") = "TarifRehberi", "TarifRehberi\TarifRehberi.csproj", "{86600228-5A27-4394-BA20-30DECD358FCA}"
EndProject
Global
	GlobalSection(SolutionConfigurationPlatforms) = preSolution
		Debug|Any CPU = Debug|Any CPU
		Release|Any CPU = Release|Any CPU
	EndGlobalSection
	GlobalSection(ProjectConfigurationPlatforms) = postSolution
		{86600228-5A27-4394-BA20-30DECD358FCA}.Debug|Any CPU.ActiveCfg = Debug|Any CPU
		{86600228-5A27-4394-BA20-30DECD358FCA}.Debug|Any CPU.Build.0 = Debug|Any CPU
		{86600228-5A27-4394-BA20-30DECD358FCA}.Release|Any CPU.ActiveCfg = Release|Any CPU
		{86600228-5A27-4394-BA20-30DECD358FCA}.Release|Any CPU.Build.0 = Release|Any CPU
	EndGlobalSection
	GlobalSection(SolutionProperties) = preSolution
		HideSolutionNode = FALSE
	EndGlobalSection
	GlobalSection(ExtensibilityGlobals) = postSolution
		SolutionGuid = {27719F43-EB97-434D-A61D-821D38B291D2}
	EndGlobalSection
EndGlobal
